
Microsoft Visual Studio Solution File, Format Version 12.00
# Visual Studio Version 16
VisualStudioVersion = 16.0.30711.63
MinimumVisualStudioVersion = 15.0.26124.0
Project("{9A19103F-16F7-4668-BE54-9A1E7A4F7556}") = "TwitterCore", "TwitterCore\TwitterCore.csproj", "{5BDB26EF-4150-421F-8554-5C3FCDD4EA72}"
EndProject
Project("{9A19103F-16F7-4668-BE54-9A1E7A4F7556}") = "Twitter.Blazor.Server", "Twitter.Blazor.Server\Twitter.Blazor.Server.csproj", "{690B4311-ADF4-4FCB-B5EE-43A91605DF53}"
EndProject
Project("{9A19103F-16F7-4668-BE54-9A1E7A4F7556}") = "ConsoleGUI", "ConsoleGUI\ConsoleGUI.csproj", "{2584063E-2B6D-4FAD-813B-7CD45E3298A8}"
EndProject
Global
	GlobalSection(SolutionConfigurationPlatforms) = preSolution
		Debug|Any CPU = Debug|Any CPU
		Debug|x64 = Debug|x64
		Debug|x86 = Debug|x86
		Release|Any CPU = Release|Any CPU
		Release|x64 = Release|x64
		Release|x86 = Release|x86
	EndGlobalSection
	GlobalSection(ProjectConfigurationPlatforms) = postSolution
		{5BDB26EF-4150-421F-8554-5C3FCDD4EA72}.Debug|Any CPU.ActiveCfg = Debug|Any CPU
		{5BDB26EF-4150-421F-8554-5C3FCDD4EA72}.Debug|Any CPU.Build.0 = Debug|Any CPU
		{5BDB26EF-4150-421F-8554-5C3FCDD4EA72}.Debug|x64.ActiveCfg = Debug|Any CPU
		{5BDB26EF-4150-421F-8554-5C3FCDD4EA72}.Debug|x64.Build.0 = Debug|Any CPU
		{5BDB26EF-4150-421F-8554-5C3FCDD4EA72}.Debug|x86.ActiveCfg = Debug|Any CPU
		{5BDB26EF-4150-421F-8554-5C3FCDD4EA72}.Debug|x86.Build.0 = Debug|Any CPU
		{5BDB26EF-4150-421F-8554-5C3FCDD4EA72}.Release|Any CPU.ActiveCfg = Release|Any CPU
		{5BDB26EF-4150-421F-8554-5C3FCDD4EA72}.Release|Any CPU.Build.0 = Release|Any CPU
		{5BDB26EF-4150-421F-8554-5C3FCDD4EA72}.Release|x64.ActiveCfg = Release|Any CPU
		{5BDB26EF-4150-421F-8554-5C3FCDD4EA72}.Release|x64.Build.0 = Release|Any CPU
		{5BDB26EF-4150-421F-8554-5C3FCDD4EA72}.Release|x86.ActiveCfg = Release|Any CPU
		{5BDB26EF-4150-421F-8554-5C3FCDD4EA72}.Release|x86.Build.0 = Release|Any CPU
		{690B4311-ADF4-4FCB-B5EE-43A91605DF53}.Debug|Any CPU.ActiveCfg = Debug|Any CPU
		{690B4311-ADF4-4FCB-B5EE-43A91605DF53}.Debug|Any CPU.Build.0 = Debug|Any CPU
		{690B4311-ADF4-4FCB-B5EE-43A91605DF53}.Debug|x64.ActiveCfg = Debug|Any CPU
		{690B4311-ADF4-4FCB-B5EE-43A91605DF53}.Debug|x64.Build.0 = Debug|Any CPU
		{690B4311-ADF4-4FCB-B5EE-43A91605DF53}.Debug|x86.ActiveCfg = Debug|Any CPU
		{690B4311-ADF4-4FCB-B5EE-43A91605DF53}.Debug|x86.Build.0 = Debug|Any CPU
		{690B4311-ADF4-4FCB-B5EE-43A91605DF53}.Release|Any CPU.ActiveCfg = Release|Any CPU
		{690B4311-ADF4-4FCB-B5EE-43A91605DF53}.Release|Any CPU.Build.0 = Release|Any CPU
		{690B4311-ADF4-4FCB-B5EE-43A91605DF53}.Release|x64.ActiveCfg = Release|Any CPU
		{690B4311-ADF4-4FCB-B5EE-43A91605DF53}.Release|x64.Build.0 = Release|Any CPU
		{690B4311-ADF4-4FCB-B5EE-43A91605DF53}.Release|x86.ActiveCfg = Release|Any CPU
		{690B4311-ADF4-4FCB-B5EE-43A91605DF53}.Release|x86.Build.0 = Release|Any CPU
		{2584063E-2B6D-4FAD-813B-7CD45E3298A8}.Debug|Any CPU.ActiveCfg = Debug|Any CPU
		{2584063E-2B6D-4FAD-813B-7CD45E3298A8}.Debug|Any CPU.Build.0 = Debug|Any CPU
		{2584063E-2B6D-4FAD-813B-7CD45E3298A8}.Debug|x64.ActiveCfg = Debug|Any CPU
		{2584063E-2B6D-4FAD-813B-7CD45E3298A8}.Debug|x64.Build.0 = Debug|Any CPU
		{2584063E-2B6D-4FAD-813B-7CD45E3298A8}.Debug|x86.ActiveCfg = Debug|Any CPU
		{2584063E-2B6D-4FAD-813B-7CD45E3298A8}.Debug|x86.Build.0 = Debug|Any CPU
		{2584063E-2B6D-4FAD-813B-7CD45E3298A8}.Release|Any CPU.ActiveCfg = Release|Any CPU
		{2584063E-2B6D-4FAD-813B-7CD45E3298A8}.Release|Any CPU.Build.0 = Release|Any CPU
		{2584063E-2B6D-4FAD-813B-7CD45E3298A8}.Release|x64.ActiveCfg = Release|Any CPU
		{2584063E-2B6D-4FAD-813B-7CD45E3298A8}.Release|x64.Build.0 = Release|Any CPU
		{2584063E-2B6D-4FAD-813B-7CD45E3298A8}.Release|x86.ActiveCfg = Release|Any CPU
		{2584063E-2B6D-4FAD-813B-7CD45E3298A8}.Release|x86.Build.0 = Release|Any CPU
	EndGlobalSection
	GlobalSection(SolutionProperties) = preSolution
		HideSolutionNode = FALSE
	EndGlobalSection
	GlobalSection(ExtensibilityGlobals) = postSolution
		SolutionGuid = {958F4881-49DD-4F3B-BC7F-8567702B4454}
	EndGlobalSection
EndGlobal
