
Microsoft Visual Studio Solution File, Format Version 12.00
# Visual Studio Version 16
VisualStudioVersion = 16.0.30711.63
MinimumVisualStudioVersion = 15.0.26124.0
Project("{9A19103F-16F7-4668-BE54-9A1E7A4F7556}") = "TwitterCore", "TwitterCore\TwitterCore.csproj", "{5BDB26EF-4150-421F-8554-5C3FCDD4EA72}"
EndProject
Project("{9A19103F-16F7-4668-BE54-9A1E7A4F7556}") = "Twitter.Blazor.Server", "Twitter.Blazor.Server\Twitter.Blazor.Server.csproj", "{690B4311-ADF4-4FCB-B5EE-43A91605DF53}"
EndProject
Project("{9A19103F-16F7-4668-BE54-9A1E7A4F7556}") = "Grupparbete", "Grupparbete\Grupparbete.csproj", "{0460AC26-FDFB-444E-B6C1-7C0471089DC1}"
EndProject
Project("{FAE04EC0-301F-11D3-BF4B-00C04F79EFBC}") = "Entety", "Entety\Entety.csproj", "{2258CF5E-A919-4373-A153-A298E3E50FCA}"
EndProject
Global
	GlobalSection(SolutionConfigurationPlatforms) = preSolution
		Debug|Any CPU = Debug|Any CPU
		Debug|x64 = Debug|x64
		Debug|x86 = Debug|x86
		Release|Any CPU = Release|Any CPU
		Release|x64 = Release|x64
		Release|x86 = Release|x86
	EndGlobalSection
	GlobalSection(ProjectConfigurationPlatforms) = postSolution
		{BBC40925-8318-4977-92A1-E5C7326087CC}.Debug|Any CPU.ActiveCfg = Debug|Any CPU
		{BBC40925-8318-4977-92A1-E5C7326087CC}.Debug|Any CPU.Build.0 = Debug|Any CPU
		{BBC40925-8318-4977-92A1-E5C7326087CC}.Debug|x64.ActiveCfg = Debug|Any CPU
		{BBC40925-8318-4977-92A1-E5C7326087CC}.Debug|x64.Build.0 = Debug|Any CPU
		{BBC40925-8318-4977-92A1-E5C7326087CC}.Debug|x86.ActiveCfg = Debug|Any CPU
		{BBC40925-8318-4977-92A1-E5C7326087CC}.Debug|x86.Build.0 = Debug|Any CPU
		{BBC40925-8318-4977-92A1-E5C7326087CC}.Release|Any CPU.ActiveCfg = Release|Any CPU
		{BBC40925-8318-4977-92A1-E5C7326087CC}.Release|Any CPU.Build.0 = Release|Any CPU
		{BBC40925-8318-4977-92A1-E5C7326087CC}.Release|x64.ActiveCfg = Release|Any CPU
		{BBC40925-8318-4977-92A1-E5C7326087CC}.Release|x64.Build.0 = Release|Any CPU
		{BBC40925-8318-4977-92A1-E5C7326087CC}.Release|x86.ActiveCfg = Release|Any CPU
		{BBC40925-8318-4977-92A1-E5C7326087CC}.Release|x86.Build.0 = Release|Any CPU
		{8D01315D-9D93-4A70-8109-2071EA83AC8D}.Debug|Any CPU.ActiveCfg = Debug|Any CPU
		{8D01315D-9D93-4A70-8109-2071EA83AC8D}.Debug|Any CPU.Build.0 = Debug|Any CPU
		{8D01315D-9D93-4A70-8109-2071EA83AC8D}.Debug|x64.ActiveCfg = Debug|Any CPU
		{8D01315D-9D93-4A70-8109-2071EA83AC8D}.Debug|x64.Build.0 = Debug|Any CPU
		{8D01315D-9D93-4A70-8109-2071EA83AC8D}.Debug|x86.ActiveCfg = Debug|Any CPU
		{8D01315D-9D93-4A70-8109-2071EA83AC8D}.Debug|x86.Build.0 = Debug|Any CPU
		{8D01315D-9D93-4A70-8109-2071EA83AC8D}.Release|Any CPU.ActiveCfg = Release|Any CPU
		{8D01315D-9D93-4A70-8109-2071EA83AC8D}.Release|Any CPU.Build.0 = Release|Any CPU
		{8D01315D-9D93-4A70-8109-2071EA83AC8D}.Release|x64.ActiveCfg = Release|Any CPU
		{8D01315D-9D93-4A70-8109-2071EA83AC8D}.Release|x64.Build.0 = Release|Any CPU
		{8D01315D-9D93-4A70-8109-2071EA83AC8D}.Release|x86.ActiveCfg = Release|Any CPU
		{8D01315D-9D93-4A70-8109-2071EA83AC8D}.Release|x86.Build.0 = Release|Any CPU
		{5CF2868B-B4FD-4671-860E-E6B12CA9D64B}.Debug|Any CPU.ActiveCfg = Debug|Any CPU
		{5CF2868B-B4FD-4671-860E-E6B12CA9D64B}.Debug|Any CPU.Build.0 = Debug|Any CPU
		{5CF2868B-B4FD-4671-860E-E6B12CA9D64B}.Debug|x64.ActiveCfg = Debug|Any CPU
		{5CF2868B-B4FD-4671-860E-E6B12CA9D64B}.Debug|x64.Build.0 = Debug|Any CPU
		{5CF2868B-B4FD-4671-860E-E6B12CA9D64B}.Debug|x86.ActiveCfg = Debug|Any CPU
		{5CF2868B-B4FD-4671-860E-E6B12CA9D64B}.Debug|x86.Build.0 = Debug|Any CPU
		{5CF2868B-B4FD-4671-860E-E6B12CA9D64B}.Release|Any CPU.ActiveCfg = Release|Any CPU
		{5CF2868B-B4FD-4671-860E-E6B12CA9D64B}.Release|Any CPU.Build.0 = Release|Any CPU
		{5CF2868B-B4FD-4671-860E-E6B12CA9D64B}.Release|x64.ActiveCfg = Release|Any CPU
		{5CF2868B-B4FD-4671-860E-E6B12CA9D64B}.Release|x64.Build.0 = Release|Any CPU
		{5CF2868B-B4FD-4671-860E-E6B12CA9D64B}.Release|x86.ActiveCfg = Release|Any CPU
		{5CF2868B-B4FD-4671-860E-E6B12CA9D64B}.Release|x86.Build.0 = Release|Any CPU
		{49D8DD1E-DAD6-476C-A832-BC173039FF97}.Debug|Any CPU.ActiveCfg = Debug|Any CPU
		{49D8DD1E-DAD6-476C-A832-BC173039FF97}.Debug|Any CPU.Build.0 = Debug|Any CPU
		{49D8DD1E-DAD6-476C-A832-BC173039FF97}.Debug|x64.ActiveCfg = Debug|Any CPU
		{49D8DD1E-DAD6-476C-A832-BC173039FF97}.Debug|x64.Build.0 = Debug|Any CPU
		{49D8DD1E-DAD6-476C-A832-BC173039FF97}.Debug|x86.ActiveCfg = Debug|Any CPU
		{49D8DD1E-DAD6-476C-A832-BC173039FF97}.Debug|x86.Build.0 = Debug|Any CPU
		{49D8DD1E-DAD6-476C-A832-BC173039FF97}.Release|Any CPU.ActiveCfg = Release|Any CPU
		{49D8DD1E-DAD6-476C-A832-BC173039FF97}.Release|Any CPU.Build.0 = Release|Any CPU
		{49D8DD1E-DAD6-476C-A832-BC173039FF97}.Release|x64.ActiveCfg = Release|Any CPU
		{49D8DD1E-DAD6-476C-A832-BC173039FF97}.Release|x64.Build.0 = Release|Any CPU
		{49D8DD1E-DAD6-476C-A832-BC173039FF97}.Release|x86.ActiveCfg = Release|Any CPU
		{49D8DD1E-DAD6-476C-A832-BC173039FF97}.Release|x86.Build.0 = Release|Any CPU
		{2258CF5E-A919-4373-A153-A298E3E50FCA}.Debug|Any CPU.ActiveCfg = Debug|Any CPU
		{2258CF5E-A919-4373-A153-A298E3E50FCA}.Debug|Any CPU.Build.0 = Debug|Any CPU
		{2258CF5E-A919-4373-A153-A298E3E50FCA}.Debug|x64.ActiveCfg = Debug|Any CPU
		{2258CF5E-A919-4373-A153-A298E3E50FCA}.Debug|x64.Build.0 = Debug|Any CPU
		{2258CF5E-A919-4373-A153-A298E3E50FCA}.Debug|x86.ActiveCfg = Debug|Any CPU
		{2258CF5E-A919-4373-A153-A298E3E50FCA}.Debug|x86.Build.0 = Debug|Any CPU
		{2258CF5E-A919-4373-A153-A298E3E50FCA}.Release|Any CPU.ActiveCfg = Release|Any CPU
		{2258CF5E-A919-4373-A153-A298E3E50FCA}.Release|Any CPU.Build.0 = Release|Any CPU
		{2258CF5E-A919-4373-A153-A298E3E50FCA}.Release|x64.ActiveCfg = Release|Any CPU
		{2258CF5E-A919-4373-A153-A298E3E50FCA}.Release|x64.Build.0 = Release|Any CPU
		{2258CF5E-A919-4373-A153-A298E3E50FCA}.Release|x86.ActiveCfg = Release|Any CPU
		{2258CF5E-A919-4373-A153-A298E3E50FCA}.Release|x86.Build.0 = Release|Any CPU
	EndGlobalSection
	GlobalSection(SolutionProperties) = preSolution
		HideSolutionNode = FALSE
	EndGlobalSection
	GlobalSection(ExtensibilityGlobals) = postSolution
		SolutionGuid = {958F4881-49DD-4F3B-BC7F-8567702B4454}
	EndGlobalSection
EndGlobal
